
Microsoft Visual Studio Solution File, Format Version 12.00
# Visual Studio Version 17
VisualStudioVersion = 17.7.34024.191
MinimumVisualStudioVersion = 10.0.40219.1
Project("{FAE04EC0-301F-11D3-BF4B-00C04F79EFBC}") = "example 1", "example 1\example 1.csproj", "{EAE19ADA-3BCE-41C1-AA06-F7F384AE5269}"
EndProject
Global
	GlobalSection(SolutionConfigurationPlatforms) = preSolution
		Debug|Any CPU = Debug|Any CPU
		Release|Any CPU = Release|Any CPU
	EndGlobalSection
	GlobalSection(ProjectConfigurationPlatforms) = postSolution
		{EAE19ADA-3BCE-41C1-AA06-F7F384AE5269}.Debug|Any CPU.ActiveCfg = Debug|Any CPU
		{EAE19ADA-3BCE-41C1-AA06-F7F384AE5269}.Debug|Any CPU.Build.0 = Debug|Any CPU
		{EAE19ADA-3BCE-41C1-AA06-F7F384AE5269}.Release|Any CPU.ActiveCfg = Release|Any CPU
		{EAE19ADA-3BCE-41C1-AA06-F7F384AE5269}.Release|Any CPU.Build.0 = Release|Any CPU
	EndGlobalSection
	GlobalSection(SolutionProperties) = preSolution
		HideSolutionNode = FALSE
	EndGlobalSection
	GlobalSection(ExtensibilityGlobals) = postSolution
		SolutionGuid = {184704AD-D790-4AD5-B096-0768533049DA}
	EndGlobalSection
EndGlobal
